
Microsoft Visual Studio Solution File, Format Version 12.00
# Visual Studio Version 16
VisualStudioVersion = 16.0.30413.136
MinimumVisualStudioVersion = 10.0.40219.1
Project("{FAE04EC0-301F-11D3-BF4B-00C04F79EFBC}") = "Practica-JABM", "Practica-JABM\Practica-JABM.csproj", "{A52241C9-9A34-460E-A03C-53A8B73BBEF9}"
EndProject
Project("{FAE04EC0-301F-11D3-BF4B-00C04F79EFBC}") = "Practica1.CosolApp1JABM", "Practica1.CosolApp1JABM\Practica1.CosolApp1JABM.csproj", "{E8646870-E392-4439-B348-95A637B670F7}"
EndProject
Global
	GlobalSection(SolutionConfigurationPlatforms) = preSolution
		Debug|Any CPU = Debug|Any CPU
		Release|Any CPU = Release|Any CPU
	EndGlobalSection
	GlobalSection(ProjectConfigurationPlatforms) = postSolution
		{A52241C9-9A34-460E-A03C-53A8B73BBEF9}.Debug|Any CPU.ActiveCfg = Debug|Any CPU
		{A52241C9-9A34-460E-A03C-53A8B73BBEF9}.Debug|Any CPU.Build.0 = Debug|Any CPU
		{A52241C9-9A34-460E-A03C-53A8B73BBEF9}.Release|Any CPU.ActiveCfg = Release|Any CPU
		{A52241C9-9A34-460E-A03C-53A8B73BBEF9}.Release|Any CPU.Build.0 = Release|Any CPU
		{E8646870-E392-4439-B348-95A637B670F7}.Debug|Any CPU.ActiveCfg = Debug|Any CPU
		{E8646870-E392-4439-B348-95A637B670F7}.Debug|Any CPU.Build.0 = Debug|Any CPU
		{E8646870-E392-4439-B348-95A637B670F7}.Release|Any CPU.ActiveCfg = Release|Any CPU
		{E8646870-E392-4439-B348-95A637B670F7}.Release|Any CPU.Build.0 = Release|Any CPU
	EndGlobalSection
	GlobalSection(SolutionProperties) = preSolution
		HideSolutionNode = FALSE
	EndGlobalSection
	GlobalSection(ExtensibilityGlobals) = postSolution
		SolutionGuid = {F21F7CFD-20D1-43BF-881C-329767E56BC3}
	EndGlobalSection
EndGlobal
